// !$*UTF8*$!
{
	archiveVersion = 1;
	classes = {
	};
	objectVersion = 50;
	objects = {

/* Begin PBXBuildFile section */
		913315F723B0B0E70003D381 /* appFirewall-loginLaunch.app in CopyFiles */ = {isa = PBXBuildFile; fileRef = 91C0DF9623B0B05500E5215B /* appFirewall-loginLaunch.app */; settings = {ATTRIBUTES = (RemoveHeadersOnCopy, ); }; };
		9139F670237BB18600600D37 /* dtrace.c in Sources */ = {isa = PBXBuildFile; fileRef = 9139F66F237BB18600600D37 /* dtrace.c */; };
		9139F673237BB1BB00600D37 /* pcap_sniffer.c in Sources */ = {isa = PBXBuildFile; fileRef = 9139F672237BB1BB00600D37 /* pcap_sniffer.c */; };
		9139F676237BB20F00600D37 /* util.c in Sources */ = {isa = PBXBuildFile; fileRef = 9139F675237BB20F00600D37 /* util.c */; };
		9139F679237BB9A800600D37 /* send_rst.c in Sources */ = {isa = PBXBuildFile; fileRef = 9139F678237BB9A800600D37 /* send_rst.c */; };
		9139F67C237BC41300600D37 /* dtrace.c in Sources */ = {isa = PBXBuildFile; fileRef = 9139F67B237BC41300600D37 /* dtrace.c */; };
		9139F67F237BC49A00600D37 /* helper.c in Sources */ = {isa = PBXBuildFile; fileRef = 9139F67E237BC49A00600D37 /* helper.c */; };
		9139F682237D355600600D37 /* circular_list.c in Sources */ = {isa = PBXBuildFile; fileRef = 9139F681237D355600600D37 /* circular_list.c */; };
		9139F685237D8EBB00600D37 /* blocklists.c in Sources */ = {isa = PBXBuildFile; fileRef = 9139F684237D8EBB00600D37 /* blocklists.c */; };
		9139F687237FDE8E00600D37 /* WhiteListViewController.swift in Sources */ = {isa = PBXBuildFile; fileRef = 9139F686237FDE8E00600D37 /* WhiteListViewController.swift */; };
		9139F68A237FE9A800600D37 /* whitelist.c in Sources */ = {isa = PBXBuildFile; fileRef = 9139F689237FE9A800600D37 /* whitelist.c */; };
		9139F68C2380936800600D37 /* helpViewController.swift in Sources */ = {isa = PBXBuildFile; fileRef = 9139F68B2380936800600D37 /* helpViewController.swift */; };
		9139F68E2381E3FF00600D37 /* blButton.swift in Sources */ = {isa = PBXBuildFile; fileRef = 9139F68D2381E3FF00600D37 /* blButton.swift */; };
		9139F6902382890700600D37 /* helpButton.swift in Sources */ = {isa = PBXBuildFile; fileRef = 9139F68F2382890700600D37 /* helpButton.swift */; };
		91494781239F6CA800C01432 /* appTabViewController.swift in Sources */ = {isa = PBXBuildFile; fileRef = 91494780239F6CA800C01432 /* appTabViewController.swift */; };
		9157B052238FC2290027457A /* icons in Resources */ = {isa = PBXBuildFile; fileRef = 9157B051238FC2290027457A /* icons */; };
		91607BB3236AB280002E50A8 /* AppDelegate.swift in Sources */ = {isa = PBXBuildFile; fileRef = 91607BB2236AB280002E50A8 /* AppDelegate.swift */; };
		91607BB5236AB280002E50A8 /* ActiveConnsViewController.swift in Sources */ = {isa = PBXBuildFile; fileRef = 91607BB4236AB280002E50A8 /* ActiveConnsViewController.swift */; };
		91607BB7236AB282002E50A8 /* Assets.xcassets in Resources */ = {isa = PBXBuildFile; fileRef = 91607BB6236AB282002E50A8 /* Assets.xcassets */; };
		91607BBA236AB282002E50A8 /* Main.storyboard in Resources */ = {isa = PBXBuildFile; fileRef = 91607BB8236AB282002E50A8 /* Main.storyboard */; };
		91607BC4236AB2D1002E50A8 /* pid_conn_info.c in Sources */ = {isa = PBXBuildFile; fileRef = 91607BC3236AB2D1002E50A8 /* pid_conn_info.c */; };
		91607BC6236AB7C1002E50A8 /* BlockListViewController.swift in Sources */ = {isa = PBXBuildFile; fileRef = 91607BC5236AB7C1002E50A8 /* BlockListViewController.swift */; };
		91607BC8236AB7CA002E50A8 /* LogViewController.swift in Sources */ = {isa = PBXBuildFile; fileRef = 91607BC7236AB7CA002E50A8 /* LogViewController.swift */; };
		91607BCA236AD090002E50A8 /* sniffer_blocker.c in Sources */ = {isa = PBXBuildFile; fileRef = 91607BC9236AD08F002E50A8 /* sniffer_blocker.c */; };
		91607BCF236AD7F5002E50A8 /* libpcap.tbd in Frameworks */ = {isa = PBXBuildFile; fileRef = 91607BCD236AD702002E50A8 /* libpcap.tbd */; };
		91607BF3237140A4002E50A8 /* blocklist.c in Sources */ = {isa = PBXBuildFile; fileRef = 91607BF2237140A4002E50A8 /* blocklist.c */; };
		91607BF6237142A0002E50A8 /* log.c in Sources */ = {isa = PBXBuildFile; fileRef = 91607BF5237142A0002E50A8 /* log.c */; };
		91607BFA23714D46002E50A8 /* dns_sniffer.m in Sources */ = {isa = PBXBuildFile; fileRef = 91607BF923714D46002E50A8 /* dns_sniffer.m */; };
		91607C2B2372FF7F002E50A8 /* libnet.a in Frameworks */ = {isa = PBXBuildFile; fileRef = 91607C252372FF7E002E50A8 /* libnet.a */; };
		91607C2C2372FF7F002E50A8 /* main.c in Sources */ = {isa = PBXBuildFile; fileRef = 91607C262372FF7E002E50A8 /* main.c */; };
		91607C2D2372FFAE002E50A8 /* com.leith.appFirewall-Helper in CopyFiles */ = {isa = PBXBuildFile; fileRef = 91607C1E2372FF40002E50A8 /* com.leith.appFirewall-Helper */; settings = {ATTRIBUTES = (CodeSignOnCopy, ); }; };
		91607C312374080C002E50A8 /* util.c in Sources */ = {isa = PBXBuildFile; fileRef = 91607C302374080B002E50A8 /* util.c */; };
		916ECAFD23ABA1BB00023AEA /* UpdateInstallerViewController.swift in Sources */ = {isa = PBXBuildFile; fileRef = 916ECAFC23ABA1BB00023AEA /* UpdateInstallerViewController.swift */; };
		916ECAFF23AF5BAA00023AEA /* SettingsViewController.swift in Sources */ = {isa = PBXBuildFile; fileRef = 916ECAFE23AF5BAA00023AEA /* SettingsViewController.swift */; };
		916ECB0323AF8EF900023AEA /* version in Resources */ = {isa = PBXBuildFile; fileRef = 916ECB0223AF8EF900023AEA /* version */; };
		9180E1662387F407007002CB /* percentile.c in Sources */ = {isa = PBXBuildFile; fileRef = 9180E1652387F407007002CB /* percentile.c */; };
		9180E1692387F4BB007002CB /* heap.c in Sources */ = {isa = PBXBuildFile; fileRef = 9180E1672387F4BB007002CB /* heap.c */; };
		9180E1702388A91F007002CB /* connection.c in Sources */ = {isa = PBXBuildFile; fileRef = 9180E16F2388A91F007002CB /* connection.c */; };
		9180E1732388ABB7007002CB /* is_blocked.c in Sources */ = {isa = PBXBuildFile; fileRef = 9180E1722388ABB7007002CB /* is_blocked.c */; };
		9180E175238927A2007002CB /* catch_escapee.c in Sources */ = {isa = PBXBuildFile; fileRef = 9180E174238927A2007002CB /* catch_escapee.c */; };
		9180E178238BC731007002CB /* Credits.html in Resources */ = {isa = PBXBuildFile; fileRef = 9180E177238BC731007002CB /* Credits.html */; };
		9180E17C238D2882007002CB /* installHelper.swift in Sources */ = {isa = PBXBuildFile; fileRef = 9180E17B238D2882007002CB /* installHelper.swift */; };
		9180E17E238D2D07007002CB /* Helpers.swift in Sources */ = {isa = PBXBuildFile; fileRef = 9180E17D238D2D07007002CB /* Helpers.swift */; };
		9180E181238DECEB007002CB /* codesign.c in Sources */ = {isa = PBXBuildFile; fileRef = 9180E17F238DC38C007002CB /* codesign.c */; };
		9183583723A1BF81008FDBB4 /* appViewController.swift in Sources */ = {isa = PBXBuildFile; fileRef = 9183583623A1BF81008FDBB4 /* appViewController.swift */; };
		9183583A23A4B86B008FDBB4 /* pgrep.c in Sources */ = {isa = PBXBuildFile; fileRef = 9183583923A4B86B008FDBB4 /* pgrep.c */; };
		9185AD2923C066F3002AE0D6 /* netstats.c in Sources */ = {isa = PBXBuildFile; fileRef = 9185AD2823C066F3002AE0D6 /* netstats.c */; };
		9185AD2B23C07069002AE0D6 /* NetworkStatistics.framework in Frameworks */ = {isa = PBXBuildFile; fileRef = 9185AD2A23C07069002AE0D6 /* NetworkStatistics.framework */; };
		9185AD2C23C07069002AE0D6 /* NetworkStatistics.framework in Embed Frameworks */ = {isa = PBXBuildFile; fileRef = 9185AD2A23C07069002AE0D6 /* NetworkStatistics.framework */; settings = {ATTRIBUTES = (CodeSignOnCopy, RemoveHeadersOnCopy, ); }; };
		919074182397BA7900DE49DE /* Config.swift in Sources */ = {isa = PBXBuildFile; fileRef = 919074172397BA7900DE49DE /* Config.swift */; };
		9190741A2399077100DE49DE /* dns_connlist.dat in Resources */ = {isa = PBXBuildFile; fileRef = 919074192399072500DE49DE /* dns_connlist.dat */; };
		91ABB26B2375D659007F8FFE /* libpcap.tbd in Frameworks */ = {isa = PBXBuildFile; fileRef = 91607BCD236AD702002E50A8 /* libpcap.tbd */; };
		91ABB26E237680B7007F8FFE /* table.c in Sources */ = {isa = PBXBuildFile; fileRef = 91ABB26C237680B7007F8FFE /* table.c */; };
		91ABB28C2376F01F007F8FFE /* PreferenceViewController.swift in Sources */ = {isa = PBXBuildFile; fileRef = 91ABB28B2376F01F007F8FFE /* PreferenceViewController.swift */; };
		91ABB293237734DE007F8FFE /* BlackLists in Resources */ = {isa = PBXBuildFile; fileRef = 91ABB292237734DE007F8FFE /* BlackLists */; };
		91ABB2952377350A007F8FFE /* BlackLists in CopyFiles */ = {isa = PBXBuildFile; fileRef = 91ABB292237734DE007F8FFE /* BlackLists */; };
		91ABB29823773595007F8FFE /* hostlists.c in Sources */ = {isa = PBXBuildFile; fileRef = 91ABB29723773595007F8FFE /* hostlists.c */; };
		91B590962390F7BC000F418D /* HyperlinkTextView.swift in Sources */ = {isa = PBXBuildFile; fileRef = 91B590952390F7BC000F418D /* HyperlinkTextView.swift */; };
		91B5909A23925620000F418D /* libdtrace.tbd in Frameworks */ = {isa = PBXBuildFile; fileRef = 91B5909923925620000F418D /* libdtrace.tbd */; };
		91C0DF9923B0B05500E5215B /* AppDelegate.swift in Sources */ = {isa = PBXBuildFile; fileRef = 91C0DF9823B0B05500E5215B /* AppDelegate.swift */; };
		91C0DF9D23B0B05600E5215B /* Assets.xcassets in Resources */ = {isa = PBXBuildFile; fileRef = 91C0DF9C23B0B05600E5215B /* Assets.xcassets */; };
		91C0DFA023B0B05600E5215B /* Main.storyboard in Resources */ = {isa = PBXBuildFile; fileRef = 91C0DF9E23B0B05600E5215B /* Main.storyboard */; };
		91D96AD3239648D400AAA73B /* dns_conn_cache.c in Sources */ = {isa = PBXBuildFile; fileRef = 91D96AD2239648D400AAA73B /* dns_conn_cache.c */; };
/* End PBXBuildFile section */

/* Begin PBXCopyFilesBuildPhase section */
		91607C182372EA7D002E50A8 /* CopyFiles */ = {
			isa = PBXCopyFilesBuildPhase;
			buildActionMask = 2147483647;
			dstPath = Contents/Library/LaunchServices;
			dstSubfolderSpec = 1;
			files = (
				91607C2D2372FFAE002E50A8 /* com.leith.appFirewall-Helper in CopyFiles */,
			);
			runOnlyForDeploymentPostprocessing = 0;
		};
		91607C1C2372FF40002E50A8 /* CopyFiles */ = {
			isa = PBXCopyFilesBuildPhase;
			buildActionMask = 2147483647;
			dstPath = /usr/share/man/man1/;
			dstSubfolderSpec = 0;
			files = (
			);
			runOnlyForDeploymentPostprocessing = 1;
		};
		916ECB2123AFA0EA00023AEA /* CopyFiles */ = {
			isa = PBXCopyFilesBuildPhase;
			buildActionMask = 2147483647;
			dstPath = Contents/Library/LoginItems;
			dstSubfolderSpec = 1;
			files = (
				913315F723B0B0E70003D381 /* appFirewall-loginLaunch.app in CopyFiles */,
			);
			runOnlyForDeploymentPostprocessing = 0;
		};
		9185AD2D23C07069002AE0D6 /* Embed Frameworks */ = {
			isa = PBXCopyFilesBuildPhase;
			buildActionMask = 2147483647;
			dstPath = "";
			dstSubfolderSpec = 10;
			files = (
				9185AD2C23C07069002AE0D6 /* NetworkStatistics.framework in Embed Frameworks */,
			);
			name = "Embed Frameworks";
			runOnlyForDeploymentPostprocessing = 0;
		};
		91ABB294237734F6007F8FFE /* CopyFiles */ = {
			isa = PBXCopyFilesBuildPhase;
			buildActionMask = 2147483647;
			dstPath = "";
			dstSubfolderSpec = 7;
			files = (
				91ABB2952377350A007F8FFE /* BlackLists in CopyFiles */,
			);
			runOnlyForDeploymentPostprocessing = 0;
		};
/* End PBXCopyFilesBuildPhase section */

/* Begin PBXFileReference section */
		9135AEF823C3DA7700BBC39F /* conn.h */ = {isa = PBXFileReference; lastKnownFileType = sourcecode.c.h; path = conn.h; sourceTree = "<group>"; };
		9139F66E237BB18600600D37 /* dtrace.h */ = {isa = PBXFileReference; lastKnownFileType = sourcecode.c.h; path = dtrace.h; sourceTree = "<group>"; };
		9139F66F237BB18600600D37 /* dtrace.c */ = {isa = PBXFileReference; lastKnownFileType = sourcecode.c.c; path = dtrace.c; sourceTree = "<group>"; };
		9139F671237BB1BB00600D37 /* pcap_sniffer.h */ = {isa = PBXFileReference; lastKnownFileType = sourcecode.c.h; path = pcap_sniffer.h; sourceTree = "<group>"; };
		9139F672237BB1BB00600D37 /* pcap_sniffer.c */ = {isa = PBXFileReference; lastKnownFileType = sourcecode.c.c; path = pcap_sniffer.c; sourceTree = "<group>"; };
		9139F674237BB20F00600D37 /* util.h */ = {isa = PBXFileReference; lastKnownFileType = sourcecode.c.h; path = util.h; sourceTree = "<group>"; };
		9139F675237BB20F00600D37 /* util.c */ = {isa = PBXFileReference; lastKnownFileType = sourcecode.c.c; path = util.c; sourceTree = "<group>"; };
		9139F677237BB9A800600D37 /* send_rst.h */ = {isa = PBXFileReference; lastKnownFileType = sourcecode.c.h; path = send_rst.h; sourceTree = "<group>"; };
		9139F678237BB9A800600D37 /* send_rst.c */ = {isa = PBXFileReference; lastKnownFileType = sourcecode.c.c; path = send_rst.c; sourceTree = "<group>"; };
		9139F67A237BC41300600D37 /* dtrace.h */ = {isa = PBXFileReference; lastKnownFileType = sourcecode.c.h; path = dtrace.h; sourceTree = "<group>"; };
		9139F67B237BC41300600D37 /* dtrace.c */ = {isa = PBXFileReference; lastKnownFileType = sourcecode.c.c; path = dtrace.c; sourceTree = "<group>"; };
		9139F67D237BC49A00600D37 /* helper.h */ = {isa = PBXFileReference; lastKnownFileType = sourcecode.c.h; path = helper.h; sourceTree = "<group>"; };
		9139F67E237BC49A00600D37 /* helper.c */ = {isa = PBXFileReference; lastKnownFileType = sourcecode.c.c; path = helper.c; sourceTree = "<group>"; };
		9139F680237D355600600D37 /* circular_list.h */ = {isa = PBXFileReference; lastKnownFileType = sourcecode.c.h; path = circular_list.h; sourceTree = "<group>"; };
		9139F681237D355600600D37 /* circular_list.c */ = {isa = PBXFileReference; lastKnownFileType = sourcecode.c.c; path = circular_list.c; sourceTree = "<group>"; };
		9139F683237D8EBB00600D37 /* blocklists.h */ = {isa = PBXFileReference; lastKnownFileType = sourcecode.c.h; path = blocklists.h; sourceTree = "<group>"; };
		9139F684237D8EBB00600D37 /* blocklists.c */ = {isa = PBXFileReference; lastKnownFileType = sourcecode.c.c; path = blocklists.c; sourceTree = "<group>"; };
		9139F686237FDE8E00600D37 /* WhiteListViewController.swift */ = {isa = PBXFileReference; lastKnownFileType = sourcecode.swift; path = WhiteListViewController.swift; sourceTree = "<group>"; };
		9139F688237FE9A700600D37 /* whitelist.h */ = {isa = PBXFileReference; lastKnownFileType = sourcecode.c.h; path = whitelist.h; sourceTree = "<group>"; };
		9139F689237FE9A800600D37 /* whitelist.c */ = {isa = PBXFileReference; lastKnownFileType = sourcecode.c.c; path = whitelist.c; sourceTree = "<group>"; };
		9139F68B2380936800600D37 /* helpViewController.swift */ = {isa = PBXFileReference; lastKnownFileType = sourcecode.swift; path = helpViewController.swift; sourceTree = "<group>"; };
		9139F68D2381E3FF00600D37 /* blButton.swift */ = {isa = PBXFileReference; lastKnownFileType = sourcecode.swift; path = blButton.swift; sourceTree = "<group>"; };
		9139F68F2382890700600D37 /* helpButton.swift */ = {isa = PBXFileReference; lastKnownFileType = sourcecode.swift; path = helpButton.swift; sourceTree = "<group>"; };
		91494780239F6CA800C01432 /* appTabViewController.swift */ = {isa = PBXFileReference; fileEncoding = 4; lastKnownFileType = sourcecode.swift; path = appTabViewController.swift; sourceTree = "<group>"; };
		91494783239F907700C01432 /* libSystem_asan.tbd */ = {isa = PBXFileReference; lastKnownFileType = "sourcecode.text-based-dylib-definition"; name = libSystem_asan.tbd; path = usr/lib/libSystem_asan.tbd; sourceTree = SDKROOT; };
		91494786239F909F00C01432 /* libSystem.B_asan.tbd */ = {isa = PBXFileReference; lastKnownFileType = "sourcecode.text-based-dylib-definition"; name = libSystem.B_asan.tbd; path = usr/lib/libSystem.B_asan.tbd; sourceTree = SDKROOT; };
		9157B04A238FB09E0027457A /* README.md */ = {isa = PBXFileReference; fileEncoding = 4; lastKnownFileType = net.daringfireball.markdown; path = README.md; sourceTree = "<group>"; };
		9157B051238FC2290027457A /* icons */ = {isa = PBXFileReference; lastKnownFileType = folder; path = icons; sourceTree = "<group>"; };
		91607BAF236AB280002E50A8 /* appFirewall.app */ = {isa = PBXFileReference; explicitFileType = wrapper.application; includeInIndex = 0; path = appFirewall.app; sourceTree = BUILT_PRODUCTS_DIR; };
		91607BB2236AB280002E50A8 /* AppDelegate.swift */ = {isa = PBXFileReference; lastKnownFileType = sourcecode.swift; path = AppDelegate.swift; sourceTree = "<group>"; };
		91607BB4236AB280002E50A8 /* ActiveConnsViewController.swift */ = {isa = PBXFileReference; lastKnownFileType = sourcecode.swift; path = ActiveConnsViewController.swift; sourceTree = "<group>"; };
		91607BB6236AB282002E50A8 /* Assets.xcassets */ = {isa = PBXFileReference; lastKnownFileType = folder.assetcatalog; path = Assets.xcassets; sourceTree = "<group>"; };
		91607BB9236AB282002E50A8 /* Base */ = {isa = PBXFileReference; lastKnownFileType = file.storyboard; name = Base; path = Base.lproj/Main.storyboard; sourceTree = "<group>"; };
		91607BBB236AB282002E50A8 /* Info.plist */ = {isa = PBXFileReference; lastKnownFileType = text.plist.xml; path = Info.plist; sourceTree = "<group>"; };
		91607BBC236AB282002E50A8 /* appFirewall.entitlements */ = {isa = PBXFileReference; lastKnownFileType = text.plist.entitlements; path = appFirewall.entitlements; sourceTree = "<group>"; };
		91607BC2236AB2D1002E50A8 /* appFirewall-Bridging-Header.h */ = {isa = PBXFileReference; lastKnownFileType = sourcecode.c.h; path = "appFirewall-Bridging-Header.h"; sourceTree = "<group>"; };
		91607BC3236AB2D1002E50A8 /* pid_conn_info.c */ = {isa = PBXFileReference; fileEncoding = 4; lastKnownFileType = sourcecode.c.c; path = pid_conn_info.c; sourceTree = "<group>"; };
		91607BC5236AB7C1002E50A8 /* BlockListViewController.swift */ = {isa = PBXFileReference; fileEncoding = 4; lastKnownFileType = sourcecode.swift; path = BlockListViewController.swift; sourceTree = "<group>"; };
		91607BC7236AB7CA002E50A8 /* LogViewController.swift */ = {isa = PBXFileReference; fileEncoding = 4; lastKnownFileType = sourcecode.swift; path = LogViewController.swift; sourceTree = "<group>"; };
		91607BC9236AD08F002E50A8 /* sniffer_blocker.c */ = {isa = PBXFileReference; fileEncoding = 4; lastKnownFileType = sourcecode.c.c; path = sniffer_blocker.c; sourceTree = "<group>"; };
		91607BCD236AD702002E50A8 /* libpcap.tbd */ = {isa = PBXFileReference; lastKnownFileType = "sourcecode.text-based-dylib-definition"; name = libpcap.tbd; path = usr/lib/libpcap.tbd; sourceTree = SDKROOT; };
		91607BCE236AD717002E50A8 /* libpcap.A.tbd */ = {isa = PBXFileReference; lastKnownFileType = "sourcecode.text-based-dylib-definition"; name = libpcap.A.tbd; path = usr/lib/libpcap.A.tbd; sourceTree = SDKROOT; };
		91607BEA236B8D73002E50A8 /* pid_conn_info.h */ = {isa = PBXFileReference; fileEncoding = 4; lastKnownFileType = sourcecode.c.h; path = pid_conn_info.h; sourceTree = "<group>"; };
		91607BEB236B8F0A002E50A8 /* sniffer_blocker.h */ = {isa = PBXFileReference; fileEncoding = 4; lastKnownFileType = sourcecode.c.h; path = sniffer_blocker.h; sourceTree = "<group>"; };
		91607BF1237140A4002E50A8 /* blocklist.h */ = {isa = PBXFileReference; lastKnownFileType = sourcecode.c.h; path = blocklist.h; sourceTree = "<group>"; };
		91607BF2237140A4002E50A8 /* blocklist.c */ = {isa = PBXFileReference; lastKnownFileType = sourcecode.c.c; path = blocklist.c; sourceTree = "<group>"; };
		91607BF4237142A0002E50A8 /* log.h */ = {isa = PBXFileReference; lastKnownFileType = sourcecode.c.h; path = log.h; sourceTree = "<group>"; };
		91607BF5237142A0002E50A8 /* log.c */ = {isa = PBXFileReference; lastKnownFileType = sourcecode.c.c; path = log.c; sourceTree = "<group>"; };
		91607BF7237144D2002E50A8 /* util.h */ = {isa = PBXFileReference; fileEncoding = 4; lastKnownFileType = sourcecode.c.h; path = util.h; sourceTree = "<group>"; };
		91607BF823714D46002E50A8 /* dns_sniffer.h */ = {isa = PBXFileReference; lastKnownFileType = sourcecode.c.h; path = dns_sniffer.h; sourceTree = "<group>"; };
		91607BF923714D46002E50A8 /* dns_sniffer.m */ = {isa = PBXFileReference; lastKnownFileType = sourcecode.c.objc; path = dns_sniffer.m; sourceTree = "<group>"; };
		91607C0B2372AC51002E50A8 /* libnet.a */ = {isa = PBXFileReference; lastKnownFileType = archive.ar; name = libnet.a; path = appFirewall_Helper/libnet.a; sourceTree = "<group>"; };
		91607C1E2372FF40002E50A8 /* com.leith.appFirewall-Helper */ = {isa = PBXFileReference; explicitFileType = "compiled.mach-o.executable"; includeInIndex = 0; path = "com.leith.appFirewall-Helper"; sourceTree = BUILT_PRODUCTS_DIR; };
		91607C252372FF7E002E50A8 /* libnet.a */ = {isa = PBXFileReference; lastKnownFileType = archive.ar; path = libnet.a; sourceTree = "<group>"; };
		91607C262372FF7E002E50A8 /* main.c */ = {isa = PBXFileReference; fileEncoding = 4; lastKnownFileType = sourcecode.c.c; path = main.c; sourceTree = "<group>"; };
		91607C272372FF7F002E50A8 /* launchd.plist */ = {isa = PBXFileReference; fileEncoding = 4; lastKnownFileType = text.plist.xml; path = launchd.plist; sourceTree = "<group>"; };
		91607C282372FF7F002E50A8 /* libnet.h */ = {isa = PBXFileReference; fileEncoding = 4; lastKnownFileType = sourcecode.c.h; path = libnet.h; sourceTree = "<group>"; };
		91607C292372FF7F002E50A8 /* Info.plist */ = {isa = PBXFileReference; fileEncoding = 4; lastKnownFileType = text.plist.xml; path = Info.plist; sourceTree = "<group>"; };
		91607C302374080B002E50A8 /* util.c */ = {isa = PBXFileReference; fileEncoding = 4; lastKnownFileType = sourcecode.c.c; path = util.c; sourceTree = "<group>"; };
		91607C3723741D65002E50A8 /* OSLog.framework */ = {isa = PBXFileReference; lastKnownFileType = wrapper.framework; name = OSLog.framework; path = System/Library/Frameworks/OSLog.framework; sourceTree = SDKROOT; };
		916ECAFC23ABA1BB00023AEA /* UpdateInstallerViewController.swift */ = {isa = PBXFileReference; lastKnownFileType = sourcecode.swift; path = UpdateInstallerViewController.swift; sourceTree = "<group>"; };
		916ECAFE23AF5BAA00023AEA /* SettingsViewController.swift */ = {isa = PBXFileReference; lastKnownFileType = sourcecode.swift; path = SettingsViewController.swift; sourceTree = "<group>"; };
		916ECB0223AF8EF900023AEA /* version */ = {isa = PBXFileReference; lastKnownFileType = text; path = version; sourceTree = "<group>"; };
		9180E1642387F407007002CB /* percentile.h */ = {isa = PBXFileReference; lastKnownFileType = sourcecode.c.h; path = percentile.h; sourceTree = "<group>"; };
		9180E1652387F407007002CB /* percentile.c */ = {isa = PBXFileReference; lastKnownFileType = sourcecode.c.c; path = percentile.c; sourceTree = "<group>"; };
		9180E1672387F4BB007002CB /* heap.c */ = {isa = PBXFileReference; fileEncoding = 4; lastKnownFileType = sourcecode.c.c; path = heap.c; sourceTree = "<group>"; };
		9180E1682387F4BB007002CB /* heap.h */ = {isa = PBXFileReference; fileEncoding = 4; lastKnownFileType = sourcecode.c.h; path = heap.h; sourceTree = "<group>"; };
		9180E16A2387FCC9007002CB /* LICENSE.md */ = {isa = PBXFileReference; fileEncoding = 4; lastKnownFileType = net.daringfireball.markdown; path = LICENSE.md; sourceTree = "<group>"; };
		9180E16C2388A007007002CB /* connection.h */ = {isa = PBXFileReference; lastKnownFileType = sourcecode.c.h; path = connection.h; sourceTree = "<group>"; };
		9180E16F2388A91F007002CB /* connection.c */ = {isa = PBXFileReference; lastKnownFileType = sourcecode.c.c; path = connection.c; sourceTree = "<group>"; };
		9180E1712388ABB7007002CB /* is_blocked.h */ = {isa = PBXFileReference; lastKnownFileType = sourcecode.c.h; path = is_blocked.h; sourceTree = "<group>"; };
		9180E1722388ABB7007002CB /* is_blocked.c */ = {isa = PBXFileReference; lastKnownFileType = sourcecode.c.c; path = is_blocked.c; sourceTree = "<group>"; };
		9180E174238927A2007002CB /* catch_escapee.c */ = {isa = PBXFileReference; fileEncoding = 4; lastKnownFileType = sourcecode.c.c; path = catch_escapee.c; sourceTree = "<group>"; };
		9180E1762389D4DB007002CB /* catch_escapee.h */ = {isa = PBXFileReference; lastKnownFileType = sourcecode.c.h; path = catch_escapee.h; sourceTree = "<group>"; };
		9180E177238BC731007002CB /* Credits.html */ = {isa = PBXFileReference; lastKnownFileType = text.html; path = Credits.html; sourceTree = "<group>"; };
		9180E17B238D2882007002CB /* installHelper.swift */ = {isa = PBXFileReference; lastKnownFileType = sourcecode.swift; path = installHelper.swift; sourceTree = "<group>"; };
		9180E17D238D2D07007002CB /* Helpers.swift */ = {isa = PBXFileReference; lastKnownFileType = sourcecode.swift; path = Helpers.swift; sourceTree = "<group>"; };
		9180E17F238DC38C007002CB /* codesign.c */ = {isa = PBXFileReference; lastKnownFileType = sourcecode.c.c; path = codesign.c; sourceTree = "<group>"; };
		9183583623A1BF81008FDBB4 /* appViewController.swift */ = {isa = PBXFileReference; lastKnownFileType = sourcecode.swift; path = appViewController.swift; sourceTree = "<group>"; };
		9183583823A4B86B008FDBB4 /* pgrep.h */ = {isa = PBXFileReference; lastKnownFileType = sourcecode.c.h; path = pgrep.h; sourceTree = "<group>"; };
		9183583923A4B86B008FDBB4 /* pgrep.c */ = {isa = PBXFileReference; lastKnownFileType = sourcecode.c.c; path = pgrep.c; sourceTree = "<group>"; };
		9185AD2723C066F3002AE0D6 /* netstats.h */ = {isa = PBXFileReference; lastKnownFileType = sourcecode.c.h; path = netstats.h; sourceTree = "<group>"; };
		9185AD2823C066F3002AE0D6 /* netstats.c */ = {isa = PBXFileReference; lastKnownFileType = sourcecode.c.c; path = netstats.c; sourceTree = "<group>"; };
		9185AD2A23C07069002AE0D6 /* NetworkStatistics.framework */ = {isa = PBXFileReference; lastKnownFileType = wrapper.framework; name = NetworkStatistics.framework; path = ../../../../System/Library/PrivateFrameworks/NetworkStatistics.framework; sourceTree = "<group>"; };
		919074152397B59100DE49DE /* Screenshot.png */ = {isa = PBXFileReference; lastKnownFileType = image.png; path = Screenshot.png; sourceTree = "<group>"; };
		919074172397BA7900DE49DE /* Config.swift */ = {isa = PBXFileReference; lastKnownFileType = sourcecode.swift; path = Config.swift; sourceTree = "<group>"; };
		919074192399072500DE49DE /* dns_connlist.dat */ = {isa = PBXFileReference; lastKnownFileType = file; path = dns_connlist.dat; sourceTree = "<group>"; };
		9190741C239B9FD000DE49DE /* KNOWN_ISSUES.md */ = {isa = PBXFileReference; lastKnownFileType = net.daringfireball.markdown; path = KNOWN_ISSUES.md; sourceTree = "<group>"; };
		91ABB26C237680B7007F8FFE /* table.c */ = {isa = PBXFileReference; fileEncoding = 4; lastKnownFileType = sourcecode.c.c; path = table.c; sourceTree = "<group>"; };
		91ABB26D237680B7007F8FFE /* table.h */ = {isa = PBXFileReference; fileEncoding = 4; lastKnownFileType = sourcecode.c.h; path = table.h; sourceTree = "<group>"; };
		91ABB28B2376F01F007F8FFE /* PreferenceViewController.swift */ = {isa = PBXFileReference; lastKnownFileType = sourcecode.swift; path = PreferenceViewController.swift; sourceTree = "<group>"; };
		91ABB292237734DE007F8FFE /* BlackLists */ = {isa = PBXFileReference; lastKnownFileType = folder; path = BlackLists; sourceTree = "<group>"; };
		91ABB29623773595007F8FFE /* hostlists.h */ = {isa = PBXFileReference; lastKnownFileType = sourcecode.c.h; path = hostlists.h; sourceTree = "<group>"; };
		91ABB29723773595007F8FFE /* hostlists.c */ = {isa = PBXFileReference; lastKnownFileType = sourcecode.c.c; path = hostlists.c; sourceTree = "<group>"; };
		91B590952390F7BC000F418D /* HyperlinkTextView.swift */ = {isa = PBXFileReference; lastKnownFileType = sourcecode.swift; path = HyperlinkTextView.swift; sourceTree = "<group>"; };
		91B5909923925620000F418D /* libdtrace.tbd */ = {isa = PBXFileReference; lastKnownFileType = "sourcecode.text-based-dylib-definition"; name = libdtrace.tbd; path = usr/lib/libdtrace.tbd; sourceTree = SDKROOT; };
		91B67F2723793C1C00706027 /* TODO */ = {isa = PBXFileReference; lastKnownFileType = text; path = TODO; sourceTree = "<group>"; };
		91C0DF9623B0B05500E5215B /* appFirewall-loginLaunch.app */ = {isa = PBXFileReference; explicitFileType = wrapper.application; includeInIndex = 0; path = "appFirewall-loginLaunch.app"; sourceTree = BUILT_PRODUCTS_DIR; };
		91C0DF9823B0B05500E5215B /* AppDelegate.swift */ = {isa = PBXFileReference; lastKnownFileType = sourcecode.swift; path = AppDelegate.swift; sourceTree = "<group>"; };
		91C0DF9C23B0B05600E5215B /* Assets.xcassets */ = {isa = PBXFileReference; lastKnownFileType = folder.assetcatalog; path = Assets.xcassets; sourceTree = "<group>"; };
		91C0DF9F23B0B05600E5215B /* Base */ = {isa = PBXFileReference; lastKnownFileType = file.storyboard; name = Base; path = Base.lproj/Main.storyboard; sourceTree = "<group>"; };
		91C0DFA123B0B05600E5215B /* Info.plist */ = {isa = PBXFileReference; lastKnownFileType = text.plist.xml; path = Info.plist; sourceTree = "<group>"; };
		91C0DFA223B0B05600E5215B /* appFirewall_loginLaunch.entitlements */ = {isa = PBXFileReference; lastKnownFileType = text.plist.entitlements; path = appFirewall_loginLaunch.entitlements; sourceTree = "<group>"; };
		91D96AD1239648D400AAA73B /* dns_conn_cache.h */ = {isa = PBXFileReference; lastKnownFileType = sourcecode.c.h; path = dns_conn_cache.h; sourceTree = "<group>"; };
		91D96AD2239648D400AAA73B /* dns_conn_cache.c */ = {isa = PBXFileReference; lastKnownFileType = sourcecode.c.c; path = dns_conn_cache.c; sourceTree = "<group>"; };
		91D96AD5239718CF00AAA73B /* latest release */ = {isa = PBXFileReference; lastKnownFileType = folder; path = "latest release"; sourceTree = "<group>"; };
/* End PBXFileReference section */

/* Begin PBXFrameworksBuildPhase section */
		91607BAC236AB280002E50A8 /* Frameworks */ = {
			isa = PBXFrameworksBuildPhase;
			buildActionMask = 2147483647;
			files = (
				9185AD2B23C07069002AE0D6 /* NetworkStatistics.framework in Frameworks */,
				91607BCF236AD7F5002E50A8 /* libpcap.tbd in Frameworks */,
			);
			runOnlyForDeploymentPostprocessing = 0;
		};
		91607C1B2372FF40002E50A8 /* Frameworks */ = {
			isa = PBXFrameworksBuildPhase;
			buildActionMask = 2147483647;
			files = (
				91B5909A23925620000F418D /* libdtrace.tbd in Frameworks */,
				91ABB26B2375D659007F8FFE /* libpcap.tbd in Frameworks */,
				91607C2B2372FF7F002E50A8 /* libnet.a in Frameworks */,
			);
			runOnlyForDeploymentPostprocessing = 0;
		};
		91C0DF9323B0B05500E5215B /* Frameworks */ = {
			isa = PBXFrameworksBuildPhase;
			buildActionMask = 2147483647;
			files = (
			);
			runOnlyForDeploymentPostprocessing = 0;
		};
/* End PBXFrameworksBuildPhase section */

/* Begin PBXGroup section */
		91607BA6236AB280002E50A8 = {
			isa = PBXGroup;
			children = (
				91D96AD5239718CF00AAA73B /* latest release */,
				916ECB0223AF8EF900023AEA /* version */,
				9157B04A238FB09E0027457A /* README.md */,
				9190741C239B9FD000DE49DE /* KNOWN_ISSUES.md */,
				919074152397B59100DE49DE /* Screenshot.png */,
				9180E16A2387FCC9007002CB /* LICENSE.md */,
				91607BB1236AB280002E50A8 /* appFirewall */,
				91607C1F2372FF40002E50A8 /* com.leith.appFirewall-Helper */,
				91C0DF9723B0B05500E5215B /* appFirewall-loginLaunch */,
				91607BB0236AB280002E50A8 /* Products */,
				91607BCB236AD6BA002E50A8 /* Frameworks */,
			);
			sourceTree = "<group>";
		};
		91607BB0236AB280002E50A8 /* Products */ = {
			isa = PBXGroup;
			children = (
				91607BAF236AB280002E50A8 /* appFirewall.app */,
				91607C1E2372FF40002E50A8 /* com.leith.appFirewall-Helper */,
				91C0DF9623B0B05500E5215B /* appFirewall-loginLaunch.app */,
			);
			name = Products;
			sourceTree = "<group>";
		};
		91607BB1236AB280002E50A8 /* appFirewall */ = {
			isa = PBXGroup;
			children = (
				9180E177238BC731007002CB /* Credits.html */,
				919074192399072500DE49DE /* dns_connlist.dat */,
				91ABB292237734DE007F8FFE /* BlackLists */,
				9180E1632386653A007002CB /* C workers */,
				91B67F2723793C1C00706027 /* TODO */,
				9180E16223865418007002CB /* Swift GUI */,
				91607BB6236AB282002E50A8 /* Assets.xcassets */,
				9157B051238FC2290027457A /* icons */,
				91607BB8236AB282002E50A8 /* Main.storyboard */,
				91607BBB236AB282002E50A8 /* Info.plist */,
				91607BBC236AB282002E50A8 /* appFirewall.entitlements */,
				91607BC2236AB2D1002E50A8 /* appFirewall-Bridging-Header.h */,
			);
			path = appFirewall;
			sourceTree = "<group>";
		};
		91607BCB236AD6BA002E50A8 /* Frameworks */ = {
			isa = PBXGroup;
			children = (
				9185AD2A23C07069002AE0D6 /* NetworkStatistics.framework */,
				91494786239F909F00C01432 /* libSystem.B_asan.tbd */,
				91494783239F907700C01432 /* libSystem_asan.tbd */,
				91B5909923925620000F418D /* libdtrace.tbd */,
				91607C3723741D65002E50A8 /* OSLog.framework */,
				91607C0B2372AC51002E50A8 /* libnet.a */,
				91607BCE236AD717002E50A8 /* libpcap.A.tbd */,
				91607BCD236AD702002E50A8 /* libpcap.tbd */,
			);
			name = Frameworks;
			sourceTree = "<group>";
		};
		91607C1F2372FF40002E50A8 /* com.leith.appFirewall-Helper */ = {
			isa = PBXGroup;
			children = (
				91607C272372FF7F002E50A8 /* launchd.plist */,
				91607C292372FF7F002E50A8 /* Info.plist */,
				91607C252372FF7E002E50A8 /* libnet.a */,
				91607C282372FF7F002E50A8 /* libnet.h */,
				91607C262372FF7E002E50A8 /* main.c */,
				9139F671237BB1BB00600D37 /* pcap_sniffer.h */,
				9139F672237BB1BB00600D37 /* pcap_sniffer.c */,
				9139F66E237BB18600600D37 /* dtrace.h */,
				9139F66F237BB18600600D37 /* dtrace.c */,
				9139F674237BB20F00600D37 /* util.h */,
				9139F675237BB20F00600D37 /* util.c */,
				9180E17F238DC38C007002CB /* codesign.c */,
				9139F677237BB9A800600D37 /* send_rst.h */,
				9139F678237BB9A800600D37 /* send_rst.c */,
				9180E1762389D4DB007002CB /* catch_escapee.h */,
				9180E174238927A2007002CB /* catch_escapee.c */,
				9135AEF823C3DA7700BBC39F /* conn.h */,
			);
			path = "com.leith.appFirewall-Helper";
			sourceTree = "<group>";
		};
		9180E16223865418007002CB /* Swift GUI */ = {
			isa = PBXGroup;
			children = (
				9139F68D2381E3FF00600D37 /* blButton.swift */,
				9139F68F2382890700600D37 /* helpButton.swift */,
				9139F68B2380936800600D37 /* helpViewController.swift */,
				91607BB2236AB280002E50A8 /* AppDelegate.swift */,
				91494780239F6CA800C01432 /* appTabViewController.swift */,
				9183583623A1BF81008FDBB4 /* appViewController.swift */,
				91607BB4236AB280002E50A8 /* ActiveConnsViewController.swift */,
				91607BC7236AB7CA002E50A8 /* LogViewController.swift */,
				91607BC5236AB7C1002E50A8 /* BlockListViewController.swift */,
				9139F686237FDE8E00600D37 /* WhiteListViewController.swift */,
				91ABB28B2376F01F007F8FFE /* PreferenceViewController.swift */,
				916ECAFE23AF5BAA00023AEA /* SettingsViewController.swift */,
				919074172397BA7900DE49DE /* Config.swift */,
				916ECAFC23ABA1BB00023AEA /* UpdateInstallerViewController.swift */,
				9180E17B238D2882007002CB /* installHelper.swift */,
				9180E17D238D2D07007002CB /* Helpers.swift */,
				91B590952390F7BC000F418D /* HyperlinkTextView.swift */,
			);
			path = "Swift GUI";
			sourceTree = "<group>";
		};
		9180E1632386653A007002CB /* C workers */ = {
			isa = PBXGroup;
			children = (
				9180E16C2388A007007002CB /* connection.h */,
				9180E16F2388A91F007002CB /* connection.c */,
				91607BEA236B8D73002E50A8 /* pid_conn_info.h */,
				91607BC3236AB2D1002E50A8 /* pid_conn_info.c */,
				9183583823A4B86B008FDBB4 /* pgrep.h */,
				9183583923A4B86B008FDBB4 /* pgrep.c */,
				91607BEB236B8F0A002E50A8 /* sniffer_blocker.h */,
				91607BC9236AD08F002E50A8 /* sniffer_blocker.c */,
				91D96AD1239648D400AAA73B /* dns_conn_cache.h */,
				91D96AD2239648D400AAA73B /* dns_conn_cache.c */,
				91607BF823714D46002E50A8 /* dns_sniffer.h */,
				91607BF923714D46002E50A8 /* dns_sniffer.m */,
				9139F67D237BC49A00600D37 /* helper.h */,
				9139F67E237BC49A00600D37 /* helper.c */,
				9139F67A237BC41300600D37 /* dtrace.h */,
				9139F67B237BC41300600D37 /* dtrace.c */,
				9180E1712388ABB7007002CB /* is_blocked.h */,
				9180E1722388ABB7007002CB /* is_blocked.c */,
				91607BF1237140A4002E50A8 /* blocklist.h */,
				91607BF2237140A4002E50A8 /* blocklist.c */,
				9139F688237FE9A700600D37 /* whitelist.h */,
				9139F689237FE9A800600D37 /* whitelist.c */,
				9139F683237D8EBB00600D37 /* blocklists.h */,
				9139F684237D8EBB00600D37 /* blocklists.c */,
				91ABB29623773595007F8FFE /* hostlists.h */,
				91ABB29723773595007F8FFE /* hostlists.c */,
				91607BF4237142A0002E50A8 /* log.h */,
				91607BF5237142A0002E50A8 /* log.c */,
				91607BF7237144D2002E50A8 /* util.h */,
				91607C302374080B002E50A8 /* util.c */,
				9180E1682387F4BB007002CB /* heap.h */,
				9180E1672387F4BB007002CB /* heap.c */,
				9180E1642387F407007002CB /* percentile.h */,
				9180E1652387F407007002CB /* percentile.c */,
				9139F680237D355600600D37 /* circular_list.h */,
				9139F681237D355600600D37 /* circular_list.c */,
				91ABB26D237680B7007F8FFE /* table.h */,
				91ABB26C237680B7007F8FFE /* table.c */,
				9185AD2723C066F3002AE0D6 /* netstats.h */,
				9185AD2823C066F3002AE0D6 /* netstats.c */,
			);
			path = "C workers";
			sourceTree = "<group>";
		};
		91C0DF9723B0B05500E5215B /* appFirewall-loginLaunch */ = {
			isa = PBXGroup;
			children = (
				91C0DF9823B0B05500E5215B /* AppDelegate.swift */,
				91C0DF9C23B0B05600E5215B /* Assets.xcassets */,
				91C0DF9E23B0B05600E5215B /* Main.storyboard */,
				91C0DFA123B0B05600E5215B /* Info.plist */,
				91C0DFA223B0B05600E5215B /* appFirewall_loginLaunch.entitlements */,
			);
			path = "appFirewall-loginLaunch";
			sourceTree = "<group>";
		};
/* End PBXGroup section */

/* Begin PBXNativeTarget section */
		91607BAE236AB280002E50A8 /* appFirewall */ = {
			isa = PBXNativeTarget;
			buildConfigurationList = 91607BBF236AB282002E50A8 /* Build configuration list for PBXNativeTarget "appFirewall" */;
			buildPhases = (
				91607BAB236AB280002E50A8 /* Sources */,
				91607BAC236AB280002E50A8 /* Frameworks */,
				91607BAD236AB280002E50A8 /* Resources */,
				91607C182372EA7D002E50A8 /* CopyFiles */,
				916ECB2123AFA0EA00023AEA /* CopyFiles */,
				9185AD2D23C07069002AE0D6 /* Embed Frameworks */,
			);
			buildRules = (
			);
			dependencies = (
			);
			name = appFirewall;
			productName = appFirewall;
			productReference = 91607BAF236AB280002E50A8 /* appFirewall.app */;
			productType = "com.apple.product-type.application";
		};
		91607C1D2372FF40002E50A8 /* com.leith.appFirewall-Helper */ = {
			isa = PBXNativeTarget;
			buildConfigurationList = 91607C222372FF40002E50A8 /* Build configuration list for PBXNativeTarget "com.leith.appFirewall-Helper" */;
			buildPhases = (
				91607C1A2372FF40002E50A8 /* Sources */,
				91607C1B2372FF40002E50A8 /* Frameworks */,
				91607C1C2372FF40002E50A8 /* CopyFiles */,
				91ABB294237734F6007F8FFE /* CopyFiles */,
			);
			buildRules = (
			);
			dependencies = (
			);
			name = "com.leith.appFirewall-Helper";
			productName = "com.leith.appFirewall-Helper";
			productReference = 91607C1E2372FF40002E50A8 /* com.leith.appFirewall-Helper */;
			productType = "com.apple.product-type.tool";
		};
		91C0DF9523B0B05500E5215B /* appFirewall-loginLaunch */ = {
			isa = PBXNativeTarget;
			buildConfigurationList = 91C0DFA523B0B05600E5215B /* Build configuration list for PBXNativeTarget "appFirewall-loginLaunch" */;
			buildPhases = (
				91C0DF9223B0B05500E5215B /* Sources */,
				91C0DF9323B0B05500E5215B /* Frameworks */,
				91C0DF9423B0B05500E5215B /* Resources */,
			);
			buildRules = (
			);
			dependencies = (
			);
			name = "appFirewall-loginLaunch";
			productName = "appFirewall-loginLaunch";
			productReference = 91C0DF9623B0B05500E5215B /* appFirewall-loginLaunch.app */;
			productType = "com.apple.product-type.application";
		};
/* End PBXNativeTarget section */

/* Begin PBXProject section */
		91607BA7236AB280002E50A8 /* Project object */ = {
			isa = PBXProject;
			attributes = {
				LastSwiftUpdateCheck = 1120;
				LastUpgradeCheck = 1120;
				ORGANIZATIONNAME = "Doug Leith";
				TargetAttributes = {
					91607BAE236AB280002E50A8 = {
						CreatedOnToolsVersion = 11.1;
						LastSwiftMigration = 1110;
					};
					91607C1D2372FF40002E50A8 = {
						CreatedOnToolsVersion = 11.1;
					};
					91C0DF9523B0B05500E5215B = {
						CreatedOnToolsVersion = 11.2.1;
					};
				};
			};
			buildConfigurationList = 91607BAA236AB280002E50A8 /* Build configuration list for PBXProject "appFirewall" */;
			compatibilityVersion = "Xcode 9.3";
			developmentRegion = en;
			hasScannedForEncodings = 0;
			knownRegions = (
				en,
				Base,
			);
			mainGroup = 91607BA6236AB280002E50A8;
			productRefGroup = 91607BB0236AB280002E50A8 /* Products */;
			projectDirPath = "";
			projectRoot = "";
			targets = (
				91607BAE236AB280002E50A8 /* appFirewall */,
				91607C1D2372FF40002E50A8 /* com.leith.appFirewall-Helper */,
				91C0DF9523B0B05500E5215B /* appFirewall-loginLaunch */,
			);
		};
/* End PBXProject section */

/* Begin PBXResourcesBuildPhase section */
		91607BAD236AB280002E50A8 /* Resources */ = {
			isa = PBXResourcesBuildPhase;
			buildActionMask = 2147483647;
			files = (
				9190741A2399077100DE49DE /* dns_connlist.dat in Resources */,
				9157B052238FC2290027457A /* icons in Resources */,
				9180E178238BC731007002CB /* Credits.html in Resources */,
				91607BB7236AB282002E50A8 /* Assets.xcassets in Resources */,
				91ABB293237734DE007F8FFE /* BlackLists in Resources */,
				91607BBA236AB282002E50A8 /* Main.storyboard in Resources */,
				916ECB0323AF8EF900023AEA /* version in Resources */,
			);
			runOnlyForDeploymentPostprocessing = 0;
		};
		91C0DF9423B0B05500E5215B /* Resources */ = {
			isa = PBXResourcesBuildPhase;
			buildActionMask = 2147483647;
			files = (
				91C0DF9D23B0B05600E5215B /* Assets.xcassets in Resources */,
				91C0DFA023B0B05600E5215B /* Main.storyboard in Resources */,
			);
			runOnlyForDeploymentPostprocessing = 0;
		};
/* End PBXResourcesBuildPhase section */

/* Begin PBXSourcesBuildPhase section */
		91607BAB236AB280002E50A8 /* Sources */ = {
			isa = PBXSourcesBuildPhase;
			buildActionMask = 2147483647;
			files = (
				91B590962390F7BC000F418D /* HyperlinkTextView.swift in Sources */,
				91ABB26E237680B7007F8FFE /* table.c in Sources */,
				9180E17C238D2882007002CB /* installHelper.swift in Sources */,
				916ECAFD23ABA1BB00023AEA /* UpdateInstallerViewController.swift in Sources */,
				91607BF6237142A0002E50A8 /* log.c in Sources */,
				91D96AD3239648D400AAA73B /* dns_conn_cache.c in Sources */,
				9139F687237FDE8E00600D37 /* WhiteListViewController.swift in Sources */,
				9139F68E2381E3FF00600D37 /* blButton.swift in Sources */,
				9180E17E238D2D07007002CB /* Helpers.swift in Sources */,
				91ABB29823773595007F8FFE /* hostlists.c in Sources */,
				9139F68A237FE9A800600D37 /* whitelist.c in Sources */,
				9180E1732388ABB7007002CB /* is_blocked.c in Sources */,
				91607BFA23714D46002E50A8 /* dns_sniffer.m in Sources */,
				91494781239F6CA800C01432 /* appTabViewController.swift in Sources */,
				91607BC4236AB2D1002E50A8 /* pid_conn_info.c in Sources */,
				9139F682237D355600600D37 /* circular_list.c in Sources */,
				9180E1692387F4BB007002CB /* heap.c in Sources */,
				9139F68C2380936800600D37 /* helpViewController.swift in Sources */,
				91607BC8236AB7CA002E50A8 /* LogViewController.swift in Sources */,
				91607BF3237140A4002E50A8 /* blocklist.c in Sources */,
				91607BCA236AD090002E50A8 /* sniffer_blocker.c in Sources */,
				9180E1702388A91F007002CB /* connection.c in Sources */,
				9185AD2923C066F3002AE0D6 /* netstats.c in Sources */,
				9139F67F237BC49A00600D37 /* helper.c in Sources */,
				9139F685237D8EBB00600D37 /* blocklists.c in Sources */,
				9180E1662387F407007002CB /* percentile.c in Sources */,
				91607BB5236AB280002E50A8 /* ActiveConnsViewController.swift in Sources */,
				9139F6902382890700600D37 /* helpButton.swift in Sources */,
				9183583A23A4B86B008FDBB4 /* pgrep.c in Sources */,
				91ABB28C2376F01F007F8FFE /* PreferenceViewController.swift in Sources */,
				91607C312374080C002E50A8 /* util.c in Sources */,
				9183583723A1BF81008FDBB4 /* appViewController.swift in Sources */,
				9139F67C237BC41300600D37 /* dtrace.c in Sources */,
				91607BC6236AB7C1002E50A8 /* BlockListViewController.swift in Sources */,
				919074182397BA7900DE49DE /* Config.swift in Sources */,
				91607BB3236AB280002E50A8 /* AppDelegate.swift in Sources */,
				916ECAFF23AF5BAA00023AEA /* SettingsViewController.swift in Sources */,
			);
			runOnlyForDeploymentPostprocessing = 0;
		};
		91607C1A2372FF40002E50A8 /* Sources */ = {
			isa = PBXSourcesBuildPhase;
			buildActionMask = 2147483647;
			files = (
				9139F670237BB18600600D37 /* dtrace.c in Sources */,
				9139F676237BB20F00600D37 /* util.c in Sources */,
				9180E175238927A2007002CB /* catch_escapee.c in Sources */,
				9180E181238DECEB007002CB /* codesign.c in Sources */,
				91607C2C2372FF7F002E50A8 /* main.c in Sources */,
				9139F673237BB1BB00600D37 /* pcap_sniffer.c in Sources */,
				9139F679237BB9A800600D37 /* send_rst.c in Sources */,
			);
			runOnlyForDeploymentPostprocessing = 0;
		};
		91C0DF9223B0B05500E5215B /* Sources */ = {
			isa = PBXSourcesBuildPhase;
			buildActionMask = 2147483647;
			files = (
				91C0DF9923B0B05500E5215B /* AppDelegate.swift in Sources */,
			);
			runOnlyForDeploymentPostprocessing = 0;
		};
/* End PBXSourcesBuildPhase section */

/* Begin PBXVariantGroup section */
		91607BB8236AB282002E50A8 /* Main.storyboard */ = {
			isa = PBXVariantGroup;
			children = (
				91607BB9236AB282002E50A8 /* Base */,
			);
			name = Main.storyboard;
			sourceTree = "<group>";
		};
		91C0DF9E23B0B05600E5215B /* Main.storyboard */ = {
			isa = PBXVariantGroup;
			children = (
				91C0DF9F23B0B05600E5215B /* Base */,
			);
			name = Main.storyboard;
			sourceTree = "<group>";
		};
/* End PBXVariantGroup section */

/* Begin XCBuildConfiguration section */
		91607BBD236AB282002E50A8 /* Debug */ = {
			isa = XCBuildConfiguration;
			buildSettings = {
				ALWAYS_SEARCH_USER_PATHS = NO;
				CLANG_ANALYZER_NONNULL = YES;
				CLANG_ANALYZER_NUMBER_OBJECT_CONVERSION = YES_AGGRESSIVE;
				CLANG_ANALYZER_SECURITY_INSECUREAPI_STRCPY = YES;
				CLANG_CXX_LANGUAGE_STANDARD = "gnu++14";
				CLANG_CXX_LIBRARY = "libc++";
				CLANG_ENABLE_MODULES = YES;
				CLANG_ENABLE_OBJC_ARC = YES;
				CLANG_ENABLE_OBJC_WEAK = YES;
				CLANG_WARN_BLOCK_CAPTURE_AUTORELEASING = YES;
				CLANG_WARN_BOOL_CONVERSION = YES;
				CLANG_WARN_COMMA = YES;
				CLANG_WARN_CONSTANT_CONVERSION = YES;
				CLANG_WARN_DEPRECATED_OBJC_IMPLEMENTATIONS = YES;
				CLANG_WARN_DIRECT_OBJC_ISA_USAGE = YES_ERROR;
				CLANG_WARN_DOCUMENTATION_COMMENTS = YES;
				CLANG_WARN_EMPTY_BODY = YES;
				CLANG_WARN_ENUM_CONVERSION = YES;
				CLANG_WARN_INFINITE_RECURSION = YES;
				CLANG_WARN_INT_CONVERSION = YES;
				CLANG_WARN_NON_LITERAL_NULL_CONVERSION = YES;
				CLANG_WARN_OBJC_IMPLICIT_RETAIN_SELF = YES;
				CLANG_WARN_OBJC_LITERAL_CONVERSION = YES;
				CLANG_WARN_OBJC_ROOT_CLASS = YES_ERROR;
				CLANG_WARN_RANGE_LOOP_ANALYSIS = YES;
				CLANG_WARN_STRICT_PROTOTYPES = YES;
				CLANG_WARN_SUSPICIOUS_MOVE = YES;
				CLANG_WARN_UNGUARDED_AVAILABILITY = YES_AGGRESSIVE;
				CLANG_WARN_UNREACHABLE_CODE = YES;
				CLANG_WARN__DUPLICATE_METHOD_MATCH = YES;
				COPY_PHASE_STRIP = NO;
				DEBUG_INFORMATION_FORMAT = dwarf;
				ENABLE_STRICT_OBJC_MSGSEND = YES;
				ENABLE_TESTABILITY = YES;
				GCC_C_LANGUAGE_STANDARD = gnu11;
				GCC_DYNAMIC_NO_PIC = NO;
				GCC_NO_COMMON_BLOCKS = YES;
				GCC_OPTIMIZATION_LEVEL = 0;
				GCC_PREPROCESSOR_DEFINITIONS = (
					"DEBUG=1",
					"$(inherited)",
				);
				GCC_WARN_64_TO_32_BIT_CONVERSION = YES;
				GCC_WARN_ABOUT_RETURN_TYPE = YES_ERROR;
				GCC_WARN_UNDECLARED_SELECTOR = YES;
				GCC_WARN_UNINITIALIZED_AUTOS = YES_AGGRESSIVE;
				GCC_WARN_UNUSED_FUNCTION = YES;
				GCC_WARN_UNUSED_VARIABLE = YES;
				MACOSX_DEPLOYMENT_TARGET = 10.13;
				MTL_ENABLE_DEBUG_INFO = INCLUDE_SOURCE;
				MTL_FAST_MATH = YES;
				ONLY_ACTIVE_ARCH = YES;
				SDKROOT = macosx;
				SWIFT_ACTIVE_COMPILATION_CONDITIONS = DEBUG;
				SWIFT_OPTIMIZATION_LEVEL = "-Onone";
			};
			name = Debug;
		};
		91607BBE236AB282002E50A8 /* Release */ = {
			isa = XCBuildConfiguration;
			buildSettings = {
				ALWAYS_SEARCH_USER_PATHS = NO;
				CLANG_ANALYZER_NONNULL = YES;
				CLANG_ANALYZER_NUMBER_OBJECT_CONVERSION = YES_AGGRESSIVE;
				CLANG_ANALYZER_SECURITY_INSECUREAPI_STRCPY = YES;
				CLANG_CXX_LANGUAGE_STANDARD = "gnu++14";
				CLANG_CXX_LIBRARY = "libc++";
				CLANG_ENABLE_MODULES = YES;
				CLANG_ENABLE_OBJC_ARC = YES;
				CLANG_ENABLE_OBJC_WEAK = YES;
				CLANG_WARN_BLOCK_CAPTURE_AUTORELEASING = YES;
				CLANG_WARN_BOOL_CONVERSION = YES;
				CLANG_WARN_COMMA = YES;
				CLANG_WARN_CONSTANT_CONVERSION = YES;
				CLANG_WARN_DEPRECATED_OBJC_IMPLEMENTATIONS = YES;
				CLANG_WARN_DIRECT_OBJC_ISA_USAGE = YES_ERROR;
				CLANG_WARN_DOCUMENTATION_COMMENTS = YES;
				CLANG_WARN_EMPTY_BODY = YES;
				CLANG_WARN_ENUM_CONVERSION = YES;
				CLANG_WARN_INFINITE_RECURSION = YES;
				CLANG_WARN_INT_CONVERSION = YES;
				CLANG_WARN_NON_LITERAL_NULL_CONVERSION = YES;
				CLANG_WARN_OBJC_IMPLICIT_RETAIN_SELF = YES;
				CLANG_WARN_OBJC_LITERAL_CONVERSION = YES;
				CLANG_WARN_OBJC_ROOT_CLASS = YES_ERROR;
				CLANG_WARN_RANGE_LOOP_ANALYSIS = YES;
				CLANG_WARN_STRICT_PROTOTYPES = YES;
				CLANG_WARN_SUSPICIOUS_MOVE = YES;
				CLANG_WARN_UNGUARDED_AVAILABILITY = YES_AGGRESSIVE;
				CLANG_WARN_UNREACHABLE_CODE = YES;
				CLANG_WARN__DUPLICATE_METHOD_MATCH = YES;
				COPY_PHASE_STRIP = NO;
				DEBUG_INFORMATION_FORMAT = dwarf;
				ENABLE_NS_ASSERTIONS = NO;
				ENABLE_STRICT_OBJC_MSGSEND = YES;
				GCC_C_LANGUAGE_STANDARD = gnu11;
				GCC_NO_COMMON_BLOCKS = YES;
				GCC_WARN_64_TO_32_BIT_CONVERSION = YES;
				GCC_WARN_ABOUT_RETURN_TYPE = YES_ERROR;
				GCC_WARN_UNDECLARED_SELECTOR = YES;
				GCC_WARN_UNINITIALIZED_AUTOS = YES_AGGRESSIVE;
				GCC_WARN_UNUSED_FUNCTION = YES;
				GCC_WARN_UNUSED_VARIABLE = YES;
				MACOSX_DEPLOYMENT_TARGET = 10.13;
				MTL_ENABLE_DEBUG_INFO = NO;
				MTL_FAST_MATH = YES;
				SDKROOT = macosx;
				SWIFT_COMPILATION_MODE = wholemodule;
				SWIFT_OPTIMIZATION_LEVEL = "-O";
			};
			name = Release;
		};
		91607BC0236AB282002E50A8 /* Debug */ = {
			isa = XCBuildConfiguration;
			buildSettings = {
				ASSETCATALOG_COMPILER_APPICON_NAME = AppIcon;
				CLANG_ADDRESS_SANITIZER_CONTAINER_OVERFLOW = YES;
				CLANG_ANALYZER_SECURITY_INSECUREAPI_STRCPY = YES;
				CLANG_ENABLE_MODULES = YES;
				CLANG_UNDEFINED_BEHAVIOR_SANITIZER_INTEGER = YES;
				CLANG_UNDEFINED_BEHAVIOR_SANITIZER_NULLABILITY = YES;
				CLANG_WARN_IMPLICIT_SIGN_CONVERSION = YES;
				CLANG_WARN_SUSPICIOUS_IMPLICIT_CONVERSION = YES;
				CODE_SIGN_ENTITLEMENTS = appFirewall/appFirewall.entitlements;
				CODE_SIGN_IDENTITY = "Apple Development";
				CODE_SIGN_STYLE = Automatic;
				COMBINE_HIDPI_IMAGES = YES;
				DEVELOPMENT_TEAM = Z4G8Q5Z5LN;
				ENABLE_HARDENED_RUNTIME = YES;
				GCC_WARN_ABOUT_MISSING_FIELD_INITIALIZERS = YES;
				INFOPLIST_FILE = appFirewall/Info.plist;
				LD_RUNPATH_SEARCH_PATHS = (
					"$(inherited)",
					"@executable_path/../Frameworks",
				);
				LIBRARY_SEARCH_PATHS = (
					"$(inherited)",
					"$(PROJECT_DIR)/appFirewall",
				);
				MACOSX_DEPLOYMENT_TARGET = 10.13;
				MARKETING_VERSION = 1.9;
				OTHER_CFLAGS = "";
				"OTHER_CFLAGS[arch=*]" = "-Wthread-safety";
				PRODUCT_BUNDLE_IDENTIFIER = com.leith.appFirewall;
				PRODUCT_NAME = "$(TARGET_NAME)";
				SWIFT_OBJC_BRIDGING_HEADER = "appFirewall/appFirewall-Bridging-Header.h";
				SWIFT_OPTIMIZATION_LEVEL = "-Onone";
				SWIFT_VERSION = 5.0;
				SYSTEM_FRAMEWORK_SEARCH_PATHS = (
					"$(inherited)",
					"$(SYSTEM_LIBRARY_DIR)/PrivateFrameworks",
				);
			};
			name = Debug;
		};
		91607BC1236AB282002E50A8 /* Release */ = {
			isa = XCBuildConfiguration;
			buildSettings = {
				ASSETCATALOG_COMPILER_APPICON_NAME = AppIcon;
				CLANG_ADDRESS_SANITIZER_CONTAINER_OVERFLOW = NO;
				CLANG_ANALYZER_SECURITY_INSECUREAPI_STRCPY = YES;
				CLANG_ENABLE_MODULES = YES;
				CLANG_UNDEFINED_BEHAVIOR_SANITIZER_INTEGER = YES;
				CLANG_UNDEFINED_BEHAVIOR_SANITIZER_NULLABILITY = YES;
				CLANG_WARN_IMPLICIT_SIGN_CONVERSION = YES;
				CLANG_WARN_SUSPICIOUS_IMPLICIT_CONVERSION = YES;
				CODE_SIGN_ENTITLEMENTS = appFirewall/appFirewall.entitlements;
				CODE_SIGN_IDENTITY = "Apple Development";
				CODE_SIGN_STYLE = Automatic;
				COMBINE_HIDPI_IMAGES = YES;
				DEVELOPMENT_TEAM = Z4G8Q5Z5LN;
				ENABLE_HARDENED_RUNTIME = YES;
				GCC_WARN_ABOUT_MISSING_FIELD_INITIALIZERS = YES;
				INFOPLIST_FILE = appFirewall/Info.plist;
				LD_RUNPATH_SEARCH_PATHS = (
					"$(inherited)",
					"@executable_path/../Frameworks",
				);
				LIBRARY_SEARCH_PATHS = (
					"$(inherited)",
					"$(PROJECT_DIR)/appFirewall",
				);
				MACOSX_DEPLOYMENT_TARGET = 10.13;
				MARKETING_VERSION = 1.9;
				OTHER_CFLAGS = "";
				PRODUCT_BUNDLE_IDENTIFIER = com.leith.appFirewall;
				PRODUCT_NAME = "$(TARGET_NAME)";
				SWIFT_OBJC_BRIDGING_HEADER = "appFirewall/appFirewall-Bridging-Header.h";
				SWIFT_VERSION = 5.0;
				SYSTEM_FRAMEWORK_SEARCH_PATHS = (
					"$(inherited)",
					"$(SYSTEM_LIBRARY_DIR)/PrivateFrameworks",
				);
			};
			name = Release;
		};
		91607C232372FF40002E50A8 /* Debug */ = {
			isa = XCBuildConfiguration;
			buildSettings = {
				CLANG_WARN_FLOAT_CONVERSION = YES;
				CLANG_WARN_SUSPICIOUS_IMPLICIT_CONVERSION = YES;
				CODE_SIGN_IDENTITY = "Apple Development";
				CODE_SIGN_STYLE = Automatic;
				CURRENT_PROJECT_VERSION = 1;
				DEVELOPMENT_TEAM = Z4G8Q5Z5LN;
				ENABLE_HARDENED_RUNTIME = YES;
				INFOPLIST_FILE = "$(SRCROOT)/com.leith.appFirewall-Helper/Info.plist";
				INSTALL_PATH = "";
				LIBRARY_SEARCH_PATHS = (
					"$(inherited)",
					"$(PROJECT_DIR)/com.leith.appFirewall-Helper",
				);
				MARKETING_VERSION = 8;
				"OTHER_LDFLAGS[arch=*]" = (
					"-sectcreate",
					__TEXT,
					__info_plist,
					"com.leith.appFirewall-Helper/Info.plist",
					"-sectcreate",
					__TEXT,
					__launchd_plist,
					"com.leith.appFirewall-Helper/launchd.plist",
				);
				PRODUCT_BUNDLE_IDENTIFIER = "com.leith.appFirewall-Helper";
				PRODUCT_NAME = "$(TARGET_NAME)";
			};
			name = Debug;
		};
		91607C242372FF40002E50A8 /* Release */ = {
			isa = XCBuildConfiguration;
			buildSettings = {
				CLANG_WARN_FLOAT_CONVERSION = YES;
				CLANG_WARN_SUSPICIOUS_IMPLICIT_CONVERSION = YES;
				CODE_SIGN_IDENTITY = "Apple Development";
				CODE_SIGN_STYLE = Automatic;
				CURRENT_PROJECT_VERSION = 1;
				DEVELOPMENT_TEAM = Z4G8Q5Z5LN;
				ENABLE_HARDENED_RUNTIME = YES;
				INFOPLIST_FILE = "$(SRCROOT)/com.leith.appFirewall-Helper/Info.plist";
				INSTALL_PATH = "";
				LIBRARY_SEARCH_PATHS = (
					"$(inherited)",
					"$(PROJECT_DIR)/com.leith.appFirewall-Helper",
				);
				MARKETING_VERSION = 8;
				"OTHER_LDFLAGS[arch=*]" = (
					"-sectcreate",
					__TEXT,
					__info_plist,
					"com.leith.appFirewall-Helper/Info.plist",
					"-sectcreate",
					__TEXT,
					__launchd_plist,
					"com.leith.appFirewall-Helper/launchd.plist",
				);
				PRODUCT_BUNDLE_IDENTIFIER = "com.leith.appFirewall-Helper";
				PRODUCT_NAME = "$(TARGET_NAME)";
			};
			name = Release;
		};
		91C0DFA323B0B05600E5215B /* Debug */ = {
			isa = XCBuildConfiguration;
			buildSettings = {
				ASSETCATALOG_COMPILER_APPICON_NAME = AppIcon;
				CODE_SIGN_ENTITLEMENTS = "appFirewall-loginLaunch/appFirewall_loginLaunch.entitlements";
				CODE_SIGN_STYLE = Automatic;
				COMBINE_HIDPI_IMAGES = YES;
				DEVELOPMENT_TEAM = Z4G8Q5Z5LN;
				ENABLE_HARDENED_RUNTIME = YES;
				INFOPLIST_FILE = "appFirewall-loginLaunch/Info.plist";
				LD_RUNPATH_SEARCH_PATHS = (
					"$(inherited)",
					"@executable_path/../Frameworks",
				);
				MACOSX_DEPLOYMENT_TARGET = 10.13;
				MARKETING_VERSION = 1.2;
				PRODUCT_BUNDLE_IDENTIFIER = "com.leith.appFirewall-loginLaunch";
				PRODUCT_NAME = "$(TARGET_NAME)";
				SKIP_INSTALL = YES;
				SWIFT_VERSION = 5.0;
			};
			name = Debug;
		};
		91C0DFA423B0B05600E5215B /* Release */ = {
			isa = XCBuildConfiguration;
			buildSettings = {
				ASSETCATALOG_COMPILER_APPICON_NAME = AppIcon;
				CODE_SIGN_ENTITLEMENTS = "appFirewall-loginLaunch/appFirewall_loginLaunch.entitlements";
				CODE_SIGN_STYLE = Automatic;
				COMBINE_HIDPI_IMAGES = YES;
				DEBUG_INFORMATION_FORMAT = "dwarf-with-dsym";
				DEVELOPMENT_TEAM = Z4G8Q5Z5LN;
				ENABLE_HARDENED_RUNTIME = YES;
				INFOPLIST_FILE = "appFirewall-loginLaunch/Info.plist";
				LD_RUNPATH_SEARCH_PATHS = (
					"$(inherited)",
					"@executable_path/../Frameworks",
				);
				MACOSX_DEPLOYMENT_TARGET = 10.13;
				MARKETING_VERSION = 1.2;
				PRODUCT_BUNDLE_IDENTIFIER = "com.leith.appFirewall-loginLaunch";
				PRODUCT_NAME = "$(TARGET_NAME)";
				SKIP_INSTALL = YES;
				SWIFT_VERSION = 5.0;
			};
			name = Release;
		};
/* End XCBuildConfiguration section */

/* Begin XCConfigurationList section */
		91607BAA236AB280002E50A8 /* Build configuration list for PBXProject "appFirewall" */ = {
			isa = XCConfigurationList;
			buildConfigurations = (
				91607BBD236AB282002E50A8 /* Debug */,
				91607BBE236AB282002E50A8 /* Release */,
			);
			defaultConfigurationIsVisible = 0;
			defaultConfigurationName = Release;
		};
		91607BBF236AB282002E50A8 /* Build configuration list for PBXNativeTarget "appFirewall" */ = {
			isa = XCConfigurationList;
			buildConfigurations = (
				91607BC0236AB282002E50A8 /* Debug */,
				91607BC1236AB282002E50A8 /* Release */,
			);
			defaultConfigurationIsVisible = 0;
			defaultConfigurationName = Release;
		};
		91607C222372FF40002E50A8 /* Build configuration list for PBXNativeTarget "com.leith.appFirewall-Helper" */ = {
			isa = XCConfigurationList;
			buildConfigurations = (
				91607C232372FF40002E50A8 /* Debug */,
				91607C242372FF40002E50A8 /* Release */,
			);
			defaultConfigurationIsVisible = 0;
			defaultConfigurationName = Release;
		};
		91C0DFA523B0B05600E5215B /* Build configuration list for PBXNativeTarget "appFirewall-loginLaunch" */ = {
			isa = XCConfigurationList;
			buildConfigurations = (
				91C0DFA323B0B05600E5215B /* Debug */,
				91C0DFA423B0B05600E5215B /* Release */,
			);
			defaultConfigurationIsVisible = 0;
			defaultConfigurationName = Release;
		};
/* End XCConfigurationList section */
	};
	rootObject = 91607BA7236AB280002E50A8 /* Project object */;
}
